// !$*UTF8*$!
{
	archiveVersion = 1;
	classes = {
	};
	objectVersion = 46;
	objects = {

/* Begin PBXBuildFile section */
		91C1BA8F19476F7C00F93F25 /* Foundation.framework in Frameworks */ = {isa = PBXBuildFile; fileRef = 91C1BA8E19476F7C00F93F25 /* Foundation.framework */; };
		91C1BA9119476F7C00F93F25 /* CoreGraphics.framework in Frameworks */ = {isa = PBXBuildFile; fileRef = 91C1BA9019476F7C00F93F25 /* CoreGraphics.framework */; };
		91C1BA9319476F7C00F93F25 /* UIKit.framework in Frameworks */ = {isa = PBXBuildFile; fileRef = 91C1BA9219476F7C00F93F25 /* UIKit.framework */; };
		91C1BA9919476F7C00F93F25 /* InfoPlist.strings in Resources */ = {isa = PBXBuildFile; fileRef = 91C1BA9719476F7C00F93F25 /* InfoPlist.strings */; };
		91C1BA9B19476F7C00F93F25 /* main.m in Sources */ = {isa = PBXBuildFile; fileRef = 91C1BA9A19476F7C00F93F25 /* main.m */; };
		91C1BA9F19476F7C00F93F25 /* AppDelegate.m in Sources */ = {isa = PBXBuildFile; fileRef = 91C1BA9E19476F7C00F93F25 /* AppDelegate.m */; };
		91C1BAA219476F7C00F93F25 /* Main_iPhone.storyboard in Resources */ = {isa = PBXBuildFile; fileRef = 91C1BAA019476F7C00F93F25 /* Main_iPhone.storyboard */; };
		91C1BAA519476F7C00F93F25 /* Main_iPad.storyboard in Resources */ = {isa = PBXBuildFile; fileRef = 91C1BAA319476F7C00F93F25 /* Main_iPad.storyboard */; };
		91C1BAA819476F7C00F93F25 /* FirstViewController.m in Sources */ = {isa = PBXBuildFile; fileRef = 91C1BAA719476F7C00F93F25 /* FirstViewController.m */; };
		91C1BAAB19476F7C00F93F25 /* SecondViewController.m in Sources */ = {isa = PBXBuildFile; fileRef = 91C1BAAA19476F7C00F93F25 /* SecondViewController.m */; };
		91C1BAAD19476F7C00F93F25 /* Images.xcassets in Resources */ = {isa = PBXBuildFile; fileRef = 91C1BAAC19476F7C00F93F25 /* Images.xcassets */; };
		91C1BAB419476F7C00F93F25 /* XCTest.framework in Frameworks */ = {isa = PBXBuildFile; fileRef = 91C1BAB319476F7C00F93F25 /* XCTest.framework */; };
		91C1BAB519476F7C00F93F25 /* Foundation.framework in Frameworks */ = {isa = PBXBuildFile; fileRef = 91C1BA8E19476F7C00F93F25 /* Foundation.framework */; };
		91C1BAB619476F7C00F93F25 /* UIKit.framework in Frameworks */ = {isa = PBXBuildFile; fileRef = 91C1BA9219476F7C00F93F25 /* UIKit.framework */; };
		91C1BABE19476F7C00F93F25 /* InfoPlist.strings in Resources */ = {isa = PBXBuildFile; fileRef = 91C1BABC19476F7C00F93F25 /* InfoPlist.strings */; };
		91C1BAC019476F7C00F93F25 /* Eventus_ReduxTests.m in Sources */ = {isa = PBXBuildFile; fileRef = 91C1BABF19476F7C00F93F25 /* Eventus_ReduxTests.m */; };
/* End PBXBuildFile section */

/* Begin PBXContainerItemProxy section */
		91C1BAB719476F7C00F93F25 /* PBXContainerItemProxy */ = {
			isa = PBXContainerItemProxy;
			containerPortal = 91C1BA8319476F7C00F93F25 /* Project object */;
			proxyType = 1;
			remoteGlobalIDString = 91C1BA8A19476F7C00F93F25;
			remoteInfo = Eventus_Redux;
		};
/* End PBXContainerItemProxy section */

/* Begin PBXFileReference section */
		91C1BA8B19476F7C00F93F25 /* Eventus_Redux.app */ = {isa = PBXFileReference; explicitFileType = wrapper.application; includeInIndex = 0; path = Eventus_Redux.app; sourceTree = BUILT_PRODUCTS_DIR; };
		91C1BA8E19476F7C00F93F25 /* Foundation.framework */ = {isa = PBXFileReference; lastKnownFileType = wrapper.framework; name = Foundation.framework; path = System/Library/Frameworks/Foundation.framework; sourceTree = SDKROOT; };
		91C1BA9019476F7C00F93F25 /* CoreGraphics.framework */ = {isa = PBXFileReference; lastKnownFileType = wrapper.framework; name = CoreGraphics.framework; path = System/Library/Frameworks/CoreGraphics.framework; sourceTree = SDKROOT; };
		91C1BA9219476F7C00F93F25 /* UIKit.framework */ = {isa = PBXFileReference; lastKnownFileType = wrapper.framework; name = UIKit.framework; path = System/Library/Frameworks/UIKit.framework; sourceTree = SDKROOT; };
		91C1BA9619476F7C00F93F25 /* Eventus_Redux-Info.plist */ = {isa = PBXFileReference; lastKnownFileType = text.plist.xml; path = "Eventus_Redux-Info.plist"; sourceTree = "<group>"; };
		91C1BA9819476F7C00F93F25 /* en */ = {isa = PBXFileReference; lastKnownFileType = text.plist.strings; name = en; path = en.lproj/InfoPlist.strings; sourceTree = "<group>"; };
		91C1BA9A19476F7C00F93F25 /* main.m */ = {isa = PBXFileReference; lastKnownFileType = sourcecode.c.objc; path = main.m; sourceTree = "<group>"; };
		91C1BA9C19476F7C00F93F25 /* Eventus_Redux-Prefix.pch */ = {isa = PBXFileReference; lastKnownFileType = sourcecode.c.h; path = "Eventus_Redux-Prefix.pch"; sourceTree = "<group>"; };
		91C1BA9D19476F7C00F93F25 /* AppDelegate.h */ = {isa = PBXFileReference; lastKnownFileType = sourcecode.c.h; path = AppDelegate.h; sourceTree = "<group>"; };
		91C1BA9E19476F7C00F93F25 /* AppDelegate.m */ = {isa = PBXFileReference; lastKnownFileType = sourcecode.c.objc; path = AppDelegate.m; sourceTree = "<group>"; };
		91C1BAA119476F7C00F93F25 /* Base */ = {isa = PBXFileReference; lastKnownFileType = file.storyboard; name = Base; path = Base.lproj/Main_iPhone.storyboard; sourceTree = "<group>"; };
		91C1BAA419476F7C00F93F25 /* Base */ = {isa = PBXFileReference; lastKnownFileType = file.storyboard; name = Base; path = Base.lproj/Main_iPad.storyboard; sourceTree = "<group>"; };
		91C1BAA619476F7C00F93F25 /* FirstViewController.h */ = {isa = PBXFileReference; lastKnownFileType = sourcecode.c.h; path = FirstViewController.h; sourceTree = "<group>"; };
		91C1BAA719476F7C00F93F25 /* FirstViewController.m */ = {isa = PBXFileReference; lastKnownFileType = sourcecode.c.objc; path = FirstViewController.m; sourceTree = "<group>"; };
		91C1BAA919476F7C00F93F25 /* SecondViewController.h */ = {isa = PBXFileReference; lastKnownFileType = sourcecode.c.h; path = SecondViewController.h; sourceTree = "<group>"; };
		91C1BAAA19476F7C00F93F25 /* SecondViewController.m */ = {isa = PBXFileReference; lastKnownFileType = sourcecode.c.objc; path = SecondViewController.m; sourceTree = "<group>"; };
		91C1BAAC19476F7C00F93F25 /* Images.xcassets */ = {isa = PBXFileReference; lastKnownFileType = folder.assetcatalog; path = Images.xcassets; sourceTree = "<group>"; };
		91C1BAB219476F7C00F93F25 /* Eventus_ReduxTests.xctest */ = {isa = PBXFileReference; explicitFileType = wrapper.cfbundle; includeInIndex = 0; path = Eventus_ReduxTests.xctest; sourceTree = BUILT_PRODUCTS_DIR; };
		91C1BAB319476F7C00F93F25 /* XCTest.framework */ = {isa = PBXFileReference; lastKnownFileType = wrapper.framework; name = XCTest.framework; path = Library/Frameworks/XCTest.framework; sourceTree = DEVELOPER_DIR; };
		91C1BABB19476F7C00F93F25 /* Eventus_ReduxTests-Info.plist */ = {isa = PBXFileReference; lastKnownFileType = text.plist.xml; path = "Eventus_ReduxTests-Info.plist"; sourceTree = "<group>"; };
		91C1BABD19476F7C00F93F25 /* en */ = {isa = PBXFileReference; lastKnownFileType = text.plist.strings; name = en; path = en.lproj/InfoPlist.strings; sourceTree = "<group>"; };
		91C1BABF19476F7C00F93F25 /* Eventus_ReduxTests.m */ = {isa = PBXFileReference; lastKnownFileType = sourcecode.c.objc; path = Eventus_ReduxTests.m; sourceTree = "<group>"; };
/* End PBXFileReference section */

/* Begin PBXFrameworksBuildPhase section */
		91C1BA8819476F7C00F93F25 /* Frameworks */ = {
			isa = PBXFrameworksBuildPhase;
			buildActionMask = 2147483647;
			files = (
				91C1BA9119476F7C00F93F25 /* CoreGraphics.framework in Frameworks */,
				91C1BA9319476F7C00F93F25 /* UIKit.framework in Frameworks */,
				91C1BA8F19476F7C00F93F25 /* Foundation.framework in Frameworks */,
			);
			runOnlyForDeploymentPostprocessing = 0;
		};
		91C1BAAF19476F7C00F93F25 /* Frameworks */ = {
			isa = PBXFrameworksBuildPhase;
			buildActionMask = 2147483647;
			files = (
				91C1BAB419476F7C00F93F25 /* XCTest.framework in Frameworks */,
				91C1BAB619476F7C00F93F25 /* UIKit.framework in Frameworks */,
				91C1BAB519476F7C00F93F25 /* Foundation.framework in Frameworks */,
			);
			runOnlyForDeploymentPostprocessing = 0;
		};
/* End PBXFrameworksBuildPhase section */

/* Begin PBXGroup section */
		91C1BA8219476F7C00F93F25 = {
			isa = PBXGroup;
			children = (
				91C1BA9419476F7C00F93F25 /* Eventus_Redux */,
				91C1BAB919476F7C00F93F25 /* Eventus_ReduxTests */,
				91C1BA8D19476F7C00F93F25 /* Frameworks */,
				91C1BA8C19476F7C00F93F25 /* Products */,
			);
			sourceTree = "<group>";
		};
		91C1BA8C19476F7C00F93F25 /* Products */ = {
			isa = PBXGroup;
			children = (
				91C1BA8B19476F7C00F93F25 /* Eventus_Redux.app */,
				91C1BAB219476F7C00F93F25 /* Eventus_ReduxTests.xctest */,
			);
			name = Products;
			sourceTree = "<group>";
		};
		91C1BA8D19476F7C00F93F25 /* Frameworks */ = {
			isa = PBXGroup;
			children = (
				91C1BA8E19476F7C00F93F25 /* Foundation.framework */,
				91C1BA9019476F7C00F93F25 /* CoreGraphics.framework */,
				91C1BA9219476F7C00F93F25 /* UIKit.framework */,
				91C1BAB319476F7C00F93F25 /* XCTest.framework */,
			);
			name = Frameworks;
			sourceTree = "<group>";
		};
		91C1BA9419476F7C00F93F25 /* Eventus_Redux */ = {
			isa = PBXGroup;
			children = (
				91C1BA9D19476F7C00F93F25 /* AppDelegate.h */,
				91C1BA9E19476F7C00F93F25 /* AppDelegate.m */,
				91C1BAA019476F7C00F93F25 /* Main_iPhone.storyboard */,
				91C1BAA319476F7C00F93F25 /* Main_iPad.storyboard */,
				91C1BAA619476F7C00F93F25 /* FirstViewController.h */,
				91C1BAA719476F7C00F93F25 /* FirstViewController.m */,
				91C1BAA919476F7C00F93F25 /* SecondViewController.h */,
				91C1BAAA19476F7C00F93F25 /* SecondViewController.m */,
				91C1BAAC19476F7C00F93F25 /* Images.xcassets */,
				91C1BA9519476F7C00F93F25 /* Supporting Files */,
			);
			path = Eventus_Redux;
			sourceTree = "<group>";
		};
		91C1BA9519476F7C00F93F25 /* Supporting Files */ = {
			isa = PBXGroup;
			children = (
				91C1BA9619476F7C00F93F25 /* Eventus_Redux-Info.plist */,
				91C1BA9719476F7C00F93F25 /* InfoPlist.strings */,
				91C1BA9A19476F7C00F93F25 /* main.m */,
				91C1BA9C19476F7C00F93F25 /* Eventus_Redux-Prefix.pch */,
			);
			name = "Supporting Files";
			sourceTree = "<group>";
		};
		91C1BAB919476F7C00F93F25 /* Eventus_ReduxTests */ = {
			isa = PBXGroup;
			children = (
				91C1BABF19476F7C00F93F25 /* Eventus_ReduxTests.m */,
				91C1BABA19476F7C00F93F25 /* Supporting Files */,
			);
			path = Eventus_ReduxTests;
			sourceTree = "<group>";
		};
		91C1BABA19476F7C00F93F25 /* Supporting Files */ = {
			isa = PBXGroup;
			children = (
				91C1BABB19476F7C00F93F25 /* Eventus_ReduxTests-Info.plist */,
				91C1BABC19476F7C00F93F25 /* InfoPlist.strings */,
			);
			name = "Supporting Files";
			sourceTree = "<group>";
		};
/* End PBXGroup section */

/* Begin PBXNativeTarget section */
		91C1BA8A19476F7C00F93F25 /* Eventus_Redux */ = {
			isa = PBXNativeTarget;
			buildConfigurationList = 91C1BAC319476F7C00F93F25 /* Build configuration list for PBXNativeTarget "Eventus_Redux" */;
			buildPhases = (
				91C1BA8719476F7C00F93F25 /* Sources */,
				91C1BA8819476F7C00F93F25 /* Frameworks */,
				91C1BA8919476F7C00F93F25 /* Resources */,
			);
			buildRules = (
			);
			dependencies = (
			);
			name = Eventus_Redux;
			productName = Eventus_Redux;
			productReference = 91C1BA8B19476F7C00F93F25 /* Eventus_Redux.app */;
			productType = "com.apple.product-type.application";
		};
		91C1BAB119476F7C00F93F25 /* Eventus_ReduxTests */ = {
			isa = PBXNativeTarget;
			buildConfigurationList = 91C1BAC619476F7C00F93F25 /* Build configuration list for PBXNativeTarget "Eventus_ReduxTests" */;
			buildPhases = (
				91C1BAAE19476F7C00F93F25 /* Sources */,
				91C1BAAF19476F7C00F93F25 /* Frameworks */,
				91C1BAB019476F7C00F93F25 /* Resources */,
			);
			buildRules = (
			);
			dependencies = (
				91C1BAB819476F7C00F93F25 /* PBXTargetDependency */,
			);
			name = Eventus_ReduxTests;
			productName = Eventus_ReduxTests;
			productReference = 91C1BAB219476F7C00F93F25 /* Eventus_ReduxTests.xctest */;
			productType = "com.apple.product-type.bundle.unit-test";
		};
/* End PBXNativeTarget section */

/* Begin PBXProject section */
		91C1BA8319476F7C00F93F25 /* Project object */ = {
			isa = PBXProject;
			attributes = {
				LastUpgradeCheck = 0510;
				ORGANIZATIONNAME = Eventus;
				TargetAttributes = {
					91C1BAB119476F7C00F93F25 = {
						TestTargetID = 91C1BA8A19476F7C00F93F25;
					};
				};
			};
			buildConfigurationList = 91C1BA8619476F7C00F93F25 /* Build configuration list for PBXProject "Eventus_Redux" */;
			compatibilityVersion = "Xcode 3.2";
			developmentRegion = English;
			hasScannedForEncodings = 0;
			knownRegions = (
				en,
				Base,
			);
			mainGroup = 91C1BA8219476F7C00F93F25;
			productRefGroup = 91C1BA8C19476F7C00F93F25 /* Products */;
			projectDirPath = "";
			projectRoot = "";
			targets = (
				91C1BA8A19476F7C00F93F25 /* Eventus_Redux */,
				91C1BAB119476F7C00F93F25 /* Eventus_ReduxTests */,
			);
		};
/* End PBXProject section */

/* Begin PBXResourcesBuildPhase section */
		91C1BA8919476F7C00F93F25 /* Resources */ = {
			isa = PBXResourcesBuildPhase;
			buildActionMask = 2147483647;
			files = (
				91C1BAA519476F7C00F93F25 /* Main_iPad.storyboard in Resources */,
				91C1BAAD19476F7C00F93F25 /* Images.xcassets in Resources */,
				91C1BAA219476F7C00F93F25 /* Main_iPhone.storyboard in Resources */,
				91C1BA9919476F7C00F93F25 /* InfoPlist.strings in Resources */,
			);
			runOnlyForDeploymentPostprocessing = 0;
		};
		91C1BAB019476F7C00F93F25 /* Resources */ = {
			isa = PBXResourcesBuildPhase;
			buildActionMask = 2147483647;
			files = (
				91C1BABE19476F7C00F93F25 /* InfoPlist.strings in Resources */,
			);
			runOnlyForDeploymentPostprocessing = 0;
		};
/* End PBXResourcesBuildPhase section */

/* Begin PBXSourcesBuildPhase section */
		91C1BA8719476F7C00F93F25 /* Sources */ = {
			isa = PBXSourcesBuildPhase;
			buildActionMask = 2147483647;
			files = (
				91C1BAAB19476F7C00F93F25 /* SecondViewController.m in Sources */,
				91C1BA9F19476F7C00F93F25 /* AppDelegate.m in Sources */,
				91C1BAA819476F7C00F93F25 /* FirstViewController.m in Sources */,
				91C1BA9B19476F7C00F93F25 /* main.m in Sources */,
			);
			runOnlyForDeploymentPostprocessing = 0;
		};
		91C1BAAE19476F7C00F93F25 /* Sources */ = {
			isa = PBXSourcesBuildPhase;
			buildActionMask = 2147483647;
			files = (
				91C1BAC019476F7C00F93F25 /* Eventus_ReduxTests.m in Sources */,
			);
			runOnlyForDeploymentPostprocessing = 0;
		};
/* End PBXSourcesBuildPhase section */

/* Begin PBXTargetDependency section */
		91C1BAB819476F7C00F93F25 /* PBXTargetDependency */ = {
			isa = PBXTargetDependency;
			target = 91C1BA8A19476F7C00F93F25 /* Eventus_Redux */;
			targetProxy = 91C1BAB719476F7C00F93F25 /* PBXContainerItemProxy */;
		};
/* End PBXTargetDependency section */

/* Begin PBXVariantGroup section */
		91C1BA9719476F7C00F93F25 /* InfoPlist.strings */ = {
			isa = PBXVariantGroup;
			children = (
				91C1BA9819476F7C00F93F25 /* en */,
			);
			name = InfoPlist.strings;
			sourceTree = "<group>";
		};
		91C1BAA019476F7C00F93F25 /* Main_iPhone.storyboard */ = {
			isa = PBXVariantGroup;
			children = (
				91C1BAA119476F7C00F93F25 /* Base */,
			);
			name = Main_iPhone.storyboard;
			sourceTree = "<group>";
		};
		91C1BAA319476F7C00F93F25 /* Main_iPad.storyboard */ = {
			isa = PBXVariantGroup;
			children = (
				91C1BAA419476F7C00F93F25 /* Base */,
			);
			name = Main_iPad.storyboard;
			sourceTree = "<group>";
		};
		91C1BABC19476F7C00F93F25 /* InfoPlist.strings */ = {
			isa = PBXVariantGroup;
			children = (
				91C1BABD19476F7C00F93F25 /* en */,
			);
			name = InfoPlist.strings;
			sourceTree = "<group>";
		};
/* End PBXVariantGroup section */

/* Begin XCBuildConfiguration section */
		91C1BAC119476F7C00F93F25 /* Debug */ = {
			isa = XCBuildConfiguration;
			buildSettings = {
				ALWAYS_SEARCH_USER_PATHS = NO;
				CLANG_CXX_LANGUAGE_STANDARD = "gnu++0x";
				CLANG_CXX_LIBRARY = "libc++";
				CLANG_ENABLE_MODULES = YES;
				CLANG_ENABLE_OBJC_ARC = YES;
				CLANG_WARN_BOOL_CONVERSION = YES;
				CLANG_WARN_CONSTANT_CONVERSION = YES;
				CLANG_WARN_DIRECT_OBJC_ISA_USAGE = YES_ERROR;
				CLANG_WARN_EMPTY_BODY = YES;
				CLANG_WARN_ENUM_CONVERSION = YES;
				CLANG_WARN_INT_CONVERSION = YES;
				CLANG_WARN_OBJC_ROOT_CLASS = YES_ERROR;
				CLANG_WARN__DUPLICATE_METHOD_MATCH = YES;
				"CODE_SIGN_IDENTITY[sdk=iphoneos*]" = "iPhone Developer";
				COPY_PHASE_STRIP = NO;
				GCC_C_LANGUAGE_STANDARD = gnu99;
				GCC_DYNAMIC_NO_PIC = NO;
				GCC_OPTIMIZATION_LEVEL = 0;
				GCC_PREPROCESSOR_DEFINITIONS = (
					"DEBUG=1",
					"$(inherited)",
				);
				GCC_SYMBOLS_PRIVATE_EXTERN = NO;
				GCC_WARN_64_TO_32_BIT_CONVERSION = YES;
				GCC_WARN_ABOUT_RETURN_TYPE = YES_ERROR;
				GCC_WARN_UNDECLARED_SELECTOR = YES;
				GCC_WARN_UNINITIALIZED_AUTOS = YES_AGGRESSIVE;
				GCC_WARN_UNUSED_FUNCTION = YES;
				GCC_WARN_UNUSED_VARIABLE = YES;
				IPHONEOS_DEPLOYMENT_TARGET = 7.1;
				ONLY_ACTIVE_ARCH = YES;
				SDKROOT = iphoneos;
				TARGETED_DEVICE_FAMILY = "1,2";
			};
			name = Debug;
		};
		91C1BAC219476F7C00F93F25 /* Release */ = {
			isa = XCBuildConfiguration;
			buildSettings = {
				ALWAYS_SEARCH_USER_PATHS = NO;
				CLANG_CXX_LANGUAGE_STANDARD = "gnu++0x";
				CLANG_CXX_LIBRARY = "libc++";
				CLANG_ENABLE_MODULES = YES;
				CLANG_ENABLE_OBJC_ARC = YES;
				CLANG_WARN_BOOL_CONVERSION = YES;
				CLANG_WARN_CONSTANT_CONVERSION = YES;
				CLANG_WARN_DIRECT_OBJC_ISA_USAGE = YES_ERROR;
				CLANG_WARN_EMPTY_BODY = YES;
				CLANG_WARN_ENUM_CONVERSION = YES;
				CLANG_WARN_INT_CONVERSION = YES;
				CLANG_WARN_OBJC_ROOT_CLASS = YES_ERROR;
				CLANG_WARN__DUPLICATE_METHOD_MATCH = YES;
				"CODE_SIGN_IDENTITY[sdk=iphoneos*]" = "iPhone Developer";
				COPY_PHASE_STRIP = YES;
				ENABLE_NS_ASSERTIONS = NO;
				GCC_C_LANGUAGE_STANDARD = gnu99;
				GCC_WARN_64_TO_32_BIT_CONVERSION = YES;
				GCC_WARN_ABOUT_RETURN_TYPE = YES_ERROR;
				GCC_WARN_UNDECLARED_SELECTOR = YES;
				GCC_WARN_UNINITIALIZED_AUTOS = YES_AGGRESSIVE;
				GCC_WARN_UNUSED_FUNCTION = YES;
				GCC_WARN_UNUSED_VARIABLE = YES;
				IPHONEOS_DEPLOYMENT_TARGET = 7.1;
				SDKROOT = iphoneos;
				TARGETED_DEVICE_FAMILY = "1,2";
				VALIDATE_PRODUCT = YES;
			};
			name = Release;
		};
		91C1BAC419476F7C00F93F25 /* Debug */ = {
			isa = XCBuildConfiguration;
			buildSettings = {
				ASSETCATALOG_COMPILER_APPICON_NAME = AppIcon;
				ASSETCATALOG_COMPILER_LAUNCHIMAGE_NAME = LaunchImage;
				GCC_PRECOMPILE_PREFIX_HEADER = YES;
				GCC_PREFIX_HEADER = "Eventus_Redux/Eventus_Redux-Prefix.pch";
				INFOPLIST_FILE = "Eventus_Redux/Eventus_Redux-Info.plist";
				PRODUCT_NAME = "$(TARGET_NAME)";
				WRAPPER_EXTENSION = app;
			};
			name = Debug;
		};
		91C1BAC519476F7C00F93F25 /* Release */ = {
			isa = XCBuildConfiguration;
			buildSettings = {
				ASSETCATALOG_COMPILER_APPICON_NAME = AppIcon;
				ASSETCATALOG_COMPILER_LAUNCHIMAGE_NAME = LaunchImage;
				GCC_PRECOMPILE_PREFIX_HEADER = YES;
				GCC_PREFIX_HEADER = "Eventus_Redux/Eventus_Redux-Prefix.pch";
				INFOPLIST_FILE = "Eventus_Redux/Eventus_Redux-Info.plist";
				PRODUCT_NAME = "$(TARGET_NAME)";
				WRAPPER_EXTENSION = app;
			};
			name = Release;
		};
		91C1BAC719476F7C00F93F25 /* Debug */ = {
			isa = XCBuildConfiguration;
			buildSettings = {
				BUNDLE_LOADER = "$(BUILT_PRODUCTS_DIR)/Eventus_Redux.app/Eventus_Redux";
				FRAMEWORK_SEARCH_PATHS = (
					"$(SDKROOT)/Developer/Library/Frameworks",
					"$(inherited)",
					"$(DEVELOPER_FRAMEWORKS_DIR)",
				);
				GCC_PRECOMPILE_PREFIX_HEADER = YES;
				GCC_PREFIX_HEADER = "Eventus_Redux/Eventus_Redux-Prefix.pch";
				GCC_PREPROCESSOR_DEFINITIONS = (
					"DEBUG=1",
					"$(inherited)",
				);
				INFOPLIST_FILE = "Eventus_ReduxTests/Eventus_ReduxTests-Info.plist";
				PRODUCT_NAME = "$(TARGET_NAME)";
				TEST_HOST = "$(BUNDLE_LOADER)";
				WRAPPER_EXTENSION = xctest;
			};
			name = Debug;
		};
		91C1BAC819476F7C00F93F25 /* Release */ = {
			isa = XCBuildConfiguration;
			buildSettings = {
				BUNDLE_LOADER = "$(BUILT_PRODUCTS_DIR)/Eventus_Redux.app/Eventus_Redux";
				FRAMEWORK_SEARCH_PATHS = (
					"$(SDKROOT)/Developer/Library/Frameworks",
					"$(inherited)",
					"$(DEVELOPER_FRAMEWORKS_DIR)",
				);
				GCC_PRECOMPILE_PREFIX_HEADER = YES;
				GCC_PREFIX_HEADER = "Eventus_Redux/Eventus_Redux-Prefix.pch";
				INFOPLIST_FILE = "Eventus_ReduxTests/Eventus_ReduxTests-Info.plist";
				PRODUCT_NAME = "$(TARGET_NAME)";
				TEST_HOST = "$(BUNDLE_LOADER)";
				WRAPPER_EXTENSION = xctest;
			};
			name = Release;
		};
/* End XCBuildConfiguration section */

/* Begin XCConfigurationList section */
		91C1BA8619476F7C00F93F25 /* Build configuration list for PBXProject "Eventus_Redux" */ = {
			isa = XCConfigurationList;
			buildConfigurations = (
				91C1BAC119476F7C00F93F25 /* Debug */,
				91C1BAC219476F7C00F93F25 /* Release */,
			);
			defaultConfigurationIsVisible = 0;
			defaultConfigurationName = Release;
		};
		91C1BAC319476F7C00F93F25 /* Build configuration list for PBXNativeTarget "Eventus_Redux" */ = {
			isa = XCConfigurationList;
			buildConfigurations = (
				91C1BAC419476F7C00F93F25 /* Debug */,
				91C1BAC519476F7C00F93F25 /* Release */,
			);
			defaultConfigurationIsVisible = 0;
		};
		91C1BAC619476F7C00F93F25 /* Build configuration list for PBXNativeTarget "Eventus_ReduxTests" */ = {
			isa = XCConfigurationList;
			buildConfigurations = (
				91C1BAC719476F7C00F93F25 /* Debug */,
				91C1BAC819476F7C00F93F25 /* Release */,
			);
			defaultConfigurationIsVisible = 0;
		};
/* End XCConfigurationList section */
	};
	rootObject = 91C1BA8319476F7C00F93F25 /* Project object */;
}
